
Microsoft Visual Studio Solution File, Format Version 12.00
# Visual Studio Version 17
VisualStudioVersion = 17.7.34221.43
MinimumVisualStudioVersion = 10.0.40219.1
Project("{FAE04EC0-301F-11D3-BF4B-00C04F79EFBC}") = "WebApplicationNewVersion", "WebApplicationNewVersion\WebApplicationNewVersion.csproj", "{7CD08391-1401-4FD2-AEB6-1324B07BFC51}"
EndProject
Global
	GlobalSection(SolutionConfigurationPlatforms) = preSolution
		Debug|Any CPU = Debug|Any CPU
		Release|Any CPU = Release|Any CPU
	EndGlobalSection
	GlobalSection(ProjectConfigurationPlatforms) = postSolution
		{7CD08391-1401-4FD2-AEB6-1324B07BFC51}.Debug|Any CPU.ActiveCfg = Debug|Any CPU
		{7CD08391-1401-4FD2-AEB6-1324B07BFC51}.Debug|Any CPU.Build.0 = Debug|Any CPU
		{7CD08391-1401-4FD2-AEB6-1324B07BFC51}.Release|Any CPU.ActiveCfg = Release|Any CPU
		{7CD08391-1401-4FD2-AEB6-1324B07BFC51}.Release|Any CPU.Build.0 = Release|Any CPU
	EndGlobalSection
	GlobalSection(SolutionProperties) = preSolution
		HideSolutionNode = FALSE
	EndGlobalSection
	GlobalSection(ExtensibilityGlobals) = postSolution
		SolutionGuid = {C4B3E282-A485-4360-AA1F-D9787F54AAD3}
	EndGlobalSection
EndGlobal
